// !$*UTF8*$!
{
	archiveVersion = 1;
	classes = {
	};
	objectVersion = 46;
	objects = {

/* Begin PBXBuildFile section */
		2D35FECE6FEBD64FBA01FE40 /* libPods-Unit Specs.a in Frameworks */ = {isa = PBXBuildFile; fileRef = 7AA848180604080FC8C010B4 /* libPods-Unit Specs.a */; };
		9710AACC1AC1C6E100021B12 /* swagger.json in Resources */ = {isa = PBXBuildFile; fileRef = 9710AACB1AC1C6E100021B12 /* swagger.json */; };
		974A8F781AB223E200D118E4 /* AppDelegateSpec.m in Sources */ = {isa = PBXBuildFile; fileRef = 974A8F771AB223E200D118E4 /* AppDelegateSpec.m */; };
		974A8F8B1AB2248700D118E4 /* AppDelegateSpec.m in Sources */ = {isa = PBXBuildFile; fileRef = 974A8F8A1AB2248700D118E4 /* AppDelegateSpec.m */; };
		979A36A41AB2223E0041E146 /* main.m in Sources */ = {isa = PBXBuildFile; fileRef = 979A36A31AB2223E0041E146 /* main.m */; };
		979A36A71AB2223E0041E146 /* AppDelegate.m in Sources */ = {isa = PBXBuildFile; fileRef = 979A36A61AB2223E0041E146 /* AppDelegate.m */; };
		979A36AA1AB2223E0041E146 /* ViewController.m in Sources */ = {isa = PBXBuildFile; fileRef = 979A36A91AB2223E0041E146 /* ViewController.m */; };
		979A36AD1AB2223E0041E146 /* Main.storyboard in Resources */ = {isa = PBXBuildFile; fileRef = 979A36AB1AB2223E0041E146 /* Main.storyboard */; };
		979A36AF1AB2223E0041E146 /* Images.xcassets in Resources */ = {isa = PBXBuildFile; fileRef = 979A36AE1AB2223E0041E146 /* Images.xcassets */; };
		979A36B21AB2223E0041E146 /* LaunchScreen.xib in Resources */ = {isa = PBXBuildFile; fileRef = 979A36B01AB2223E0041E146 /* LaunchScreen.xib */; };
		D6F30667BB8B416ED9A8CAAD /* libPods-CircleCITest.a in Frameworks */ = {isa = PBXBuildFile; fileRef = 93E8D6C6CC15B6AFD33F0DB0 /* libPods-CircleCITest.a */; };
		E0AE02A9EE995DDF89560775 /* libPods-KIF Specs.a in Frameworks */ = {isa = PBXBuildFile; fileRef = E607C29C3DEAE945666CA20B /* libPods-KIF Specs.a */; };
/* End PBXBuildFile section */

/* Begin PBXContainerItemProxy section */
		974A8F851AB2247300D118E4 /* PBXContainerItemProxy */ = {
			isa = PBXContainerItemProxy;
			containerPortal = 979A36961AB2223E0041E146 /* Project object */;
			proxyType = 1;
			remoteGlobalIDString = 979A369D1AB2223E0041E146;
			remoteInfo = CircleCITest;
		};
		979A36D11AB222CF0041E146 /* PBXContainerItemProxy */ = {
			isa = PBXContainerItemProxy;
			containerPortal = 979A36961AB2223E0041E146 /* Project object */;
			proxyType = 1;
			remoteGlobalIDString = 979A369D1AB2223E0041E146;
			remoteInfo = CircleCITest;
		};
/* End PBXContainerItemProxy section */

/* Begin PBXFileReference section */
		2678471312A2148DD39987C2 /* Pods-Unit Specs.debug.xcconfig */ = {isa = PBXFileReference; includeInIndex = 1; lastKnownFileType = text.xcconfig; name = "Pods-Unit Specs.debug.xcconfig"; path = "Pods/Target Support Files/Pods-Unit Specs/Pods-Unit Specs.debug.xcconfig"; sourceTree = "<group>"; };
		277FDDE8981985EFDE11F6A1 /* Pods-KIF Specs.release.xcconfig */ = {isa = PBXFileReference; includeInIndex = 1; lastKnownFileType = text.xcconfig; name = "Pods-KIF Specs.release.xcconfig"; path = "Pods/Target Support Files/Pods-KIF Specs/Pods-KIF Specs.release.xcconfig"; sourceTree = "<group>"; };
		66E34B817836060C812EF395 /* Pods-KIF Specs.debug.xcconfig */ = {isa = PBXFileReference; includeInIndex = 1; lastKnownFileType = text.xcconfig; name = "Pods-KIF Specs.debug.xcconfig"; path = "Pods/Target Support Files/Pods-KIF Specs/Pods-KIF Specs.debug.xcconfig"; sourceTree = "<group>"; };
		712FC9893FE1A65F39EA977C /* Pods-CircleCITest.release.xcconfig */ = {isa = PBXFileReference; includeInIndex = 1; lastKnownFileType = text.xcconfig; name = "Pods-CircleCITest.release.xcconfig"; path = "Pods/Target Support Files/Pods-CircleCITest/Pods-CircleCITest.release.xcconfig"; sourceTree = "<group>"; };
		7AA848180604080FC8C010B4 /* libPods-Unit Specs.a */ = {isa = PBXFileReference; explicitFileType = archive.ar; includeInIndex = 0; path = "libPods-Unit Specs.a"; sourceTree = BUILT_PRODUCTS_DIR; };
		8C7FA7BCDC21F71B713A03E3 /* Pods-CircleCITest.debug.xcconfig */ = {isa = PBXFileReference; includeInIndex = 1; lastKnownFileType = text.xcconfig; name = "Pods-CircleCITest.debug.xcconfig"; path = "Pods/Target Support Files/Pods-CircleCITest/Pods-CircleCITest.debug.xcconfig"; sourceTree = "<group>"; };
		93E8D6C6CC15B6AFD33F0DB0 /* libPods-CircleCITest.a */ = {isa = PBXFileReference; explicitFileType = archive.ar; includeInIndex = 0; path = "libPods-CircleCITest.a"; sourceTree = BUILT_PRODUCTS_DIR; };
		9710AACB1AC1C6E100021B12 /* swagger.json */ = {isa = PBXFileReference; fileEncoding = 4; lastKnownFileType = text.json; path = swagger.json; sourceTree = "<group>"; };
		974A8F771AB223E200D118E4 /* AppDelegateSpec.m */ = {isa = PBXFileReference; fileEncoding = 4; lastKnownFileType = sourcecode.c.objc; path = AppDelegateSpec.m; sourceTree = "<group>"; };
		974A8F7F1AB2247300D118E4 /* KIF Specs.xctest */ = {isa = PBXFileReference; explicitFileType = wrapper.cfbundle; includeInIndex = 0; path = "KIF Specs.xctest"; sourceTree = BUILT_PRODUCTS_DIR; };
		974A8F821AB2247300D118E4 /* Info.plist */ = {isa = PBXFileReference; lastKnownFileType = text.plist.xml; path = Info.plist; sourceTree = "<group>"; };
		974A8F8A1AB2248700D118E4 /* AppDelegateSpec.m */ = {isa = PBXFileReference; fileEncoding = 4; lastKnownFileType = sourcecode.c.objc; path = AppDelegateSpec.m; sourceTree = "<group>"; };
		974A8F8C1AB2257800D118E4 /* circle.yml */ = {isa = PBXFileReference; lastKnownFileType = text; path = circle.yml; sourceTree = "<group>"; };
		979A369E1AB2223E0041E146 /* CircleCITest.app */ = {isa = PBXFileReference; explicitFileType = wrapper.application; includeInIndex = 0; path = CircleCITest.app; sourceTree = BUILT_PRODUCTS_DIR; };
		979A36A21AB2223E0041E146 /* Info.plist */ = {isa = PBXFileReference; lastKnownFileType = text.plist.xml; path = Info.plist; sourceTree = "<group>"; };
		979A36A31AB2223E0041E146 /* main.m */ = {isa = PBXFileReference; lastKnownFileType = sourcecode.c.objc; path = main.m; sourceTree = "<group>"; };
		979A36A51AB2223E0041E146 /* AppDelegate.h */ = {isa = PBXFileReference; lastKnownFileType = sourcecode.c.h; path = AppDelegate.h; sourceTree = "<group>"; };
		979A36A61AB2223E0041E146 /* AppDelegate.m */ = {isa = PBXFileReference; lastKnownFileType = sourcecode.c.objc; path = AppDelegate.m; sourceTree = "<group>"; };
		979A36A81AB2223E0041E146 /* ViewController.h */ = {isa = PBXFileReference; lastKnownFileType = sourcecode.c.h; path = ViewController.h; sourceTree = "<group>"; };
		979A36A91AB2223E0041E146 /* ViewController.m */ = {isa = PBXFileReference; lastKnownFileType = sourcecode.c.objc; path = ViewController.m; sourceTree = "<group>"; };
		979A36AC1AB2223E0041E146 /* Base */ = {isa = PBXFileReference; lastKnownFileType = file.storyboard; name = Base; path = Base.lproj/Main.storyboard; sourceTree = "<group>"; };
		979A36AE1AB2223E0041E146 /* Images.xcassets */ = {isa = PBXFileReference; lastKnownFileType = folder.assetcatalog; path = Images.xcassets; sourceTree = "<group>"; };
		979A36B11AB2223E0041E146 /* Base */ = {isa = PBXFileReference; lastKnownFileType = file.xib; name = Base; path = Base.lproj/LaunchScreen.xib; sourceTree = "<group>"; };
		979A36CB1AB222CF0041E146 /* Unit Specs.xctest */ = {isa = PBXFileReference; explicitFileType = wrapper.cfbundle; includeInIndex = 0; path = "Unit Specs.xctest"; sourceTree = BUILT_PRODUCTS_DIR; };
		979A36CE1AB222CF0041E146 /* Info.plist */ = {isa = PBXFileReference; lastKnownFileType = text.plist.xml; path = Info.plist; sourceTree = "<group>"; };
		9B560E00477D8F5D53EDBB45 /* Pods-Unit Specs.release.xcconfig */ = {isa = PBXFileReference; includeInIndex = 1; lastKnownFileType = text.xcconfig; name = "Pods-Unit Specs.release.xcconfig"; path = "Pods/Target Support Files/Pods-Unit Specs/Pods-Unit Specs.release.xcconfig"; sourceTree = "<group>"; };
		E607C29C3DEAE945666CA20B /* libPods-KIF Specs.a */ = {isa = PBXFileReference; explicitFileType = archive.ar; includeInIndex = 0; path = "libPods-KIF Specs.a"; sourceTree = BUILT_PRODUCTS_DIR; };
/* End PBXFileReference section */

/* Begin PBXFrameworksBuildPhase section */
		974A8F7C1AB2247300D118E4 /* Frameworks */ = {
			isa = PBXFrameworksBuildPhase;
			buildActionMask = 2147483647;
			files = (
				E0AE02A9EE995DDF89560775 /* libPods-KIF Specs.a in Frameworks */,
			);
			runOnlyForDeploymentPostprocessing = 0;
		};
		979A369B1AB2223E0041E146 /* Frameworks */ = {
			isa = PBXFrameworksBuildPhase;
			buildActionMask = 2147483647;
			files = (
				D6F30667BB8B416ED9A8CAAD /* libPods-CircleCITest.a in Frameworks */,
			);
			runOnlyForDeploymentPostprocessing = 0;
		};
		979A36C81AB222CF0041E146 /* Frameworks */ = {
			isa = PBXFrameworksBuildPhase;
			buildActionMask = 2147483647;
			files = (
				2D35FECE6FEBD64FBA01FE40 /* libPods-Unit Specs.a in Frameworks */,
			);
			runOnlyForDeploymentPostprocessing = 0;
		};
/* End PBXFrameworksBuildPhase section */

/* Begin PBXGroup section */
		379A6750D56629EEB02DEB72 /* Pods */ = {
			isa = PBXGroup;
			children = (
				2678471312A2148DD39987C2 /* Pods-Unit Specs.debug.xcconfig */,
				9B560E00477D8F5D53EDBB45 /* Pods-Unit Specs.release.xcconfig */,
				66E34B817836060C812EF395 /* Pods-KIF Specs.debug.xcconfig */,
				277FDDE8981985EFDE11F6A1 /* Pods-KIF Specs.release.xcconfig */,
				8C7FA7BCDC21F71B713A03E3 /* Pods-CircleCITest.debug.xcconfig */,
				712FC9893FE1A65F39EA977C /* Pods-CircleCITest.release.xcconfig */,
			);
			name = Pods;
			sourceTree = "<group>";
		};
		6B76B1527869777742FDC0D8 /* Frameworks */ = {
			isa = PBXGroup;
			children = (
				7AA848180604080FC8C010B4 /* libPods-Unit Specs.a */,
				E607C29C3DEAE945666CA20B /* libPods-KIF Specs.a */,
				93E8D6C6CC15B6AFD33F0DB0 /* libPods-CircleCITest.a */,
			);
			name = Frameworks;
			sourceTree = "<group>";
		};
		974A8F801AB2247300D118E4 /* KIF Specs */ = {
			isa = PBXGroup;
			children = (
				974A8F811AB2247300D118E4 /* Supporting Files */,
				974A8F8A1AB2248700D118E4 /* AppDelegateSpec.m */,
			);
			path = "KIF Specs";
			sourceTree = "<group>";
		};
		974A8F811AB2247300D118E4 /* Supporting Files */ = {
			isa = PBXGroup;
			children = (
				974A8F821AB2247300D118E4 /* Info.plist */,
			);
			name = "Supporting Files";
			sourceTree = "<group>";
		};
		979A36951AB2223E0041E146 = {
			isa = PBXGroup;
			children = (
				974A8F8C1AB2257800D118E4 /* circle.yml */,
				979A36A01AB2223E0041E146 /* CircleCITest */,
				979A36CC1AB222CF0041E146 /* Unit Specs */,
				974A8F801AB2247300D118E4 /* KIF Specs */,
				979A369F1AB2223E0041E146 /* Products */,
				379A6750D56629EEB02DEB72 /* Pods */,
				6B76B1527869777742FDC0D8 /* Frameworks */,
			);
			sourceTree = "<group>";
		};
		979A369F1AB2223E0041E146 /* Products */ = {
			isa = PBXGroup;
			children = (
				979A369E1AB2223E0041E146 /* CircleCITest.app */,
				979A36CB1AB222CF0041E146 /* Unit Specs.xctest */,
				974A8F7F1AB2247300D118E4 /* KIF Specs.xctest */,
			);
			name = Products;
			sourceTree = "<group>";
		};
		979A36A01AB2223E0041E146 /* CircleCITest */ = {
			isa = PBXGroup;
			children = (
				979A36A51AB2223E0041E146 /* AppDelegate.h */,
				979A36A61AB2223E0041E146 /* AppDelegate.m */,
				979A36A81AB2223E0041E146 /* ViewController.h */,
				979A36A91AB2223E0041E146 /* ViewController.m */,
				979A36AB1AB2223E0041E146 /* Main.storyboard */,
				979A36AE1AB2223E0041E146 /* Images.xcassets */,
				979A36B01AB2223E0041E146 /* LaunchScreen.xib */,
				979A36A11AB2223E0041E146 /* Supporting Files */,
			);
			path = CircleCITest;
			sourceTree = "<group>";
		};
		979A36A11AB2223E0041E146 /* Supporting Files */ = {
			isa = PBXGroup;
			children = (
				979A36A21AB2223E0041E146 /* Info.plist */,
				979A36A31AB2223E0041E146 /* main.m */,
			);
			name = "Supporting Files";
			sourceTree = "<group>";
		};
		979A36CC1AB222CF0041E146 /* Unit Specs */ = {
			isa = PBXGroup;
			children = (
				9710AACB1AC1C6E100021B12 /* swagger.json */,
				979A36CD1AB222CF0041E146 /* Supporting Files */,
				974A8F771AB223E200D118E4 /* AppDelegateSpec.m */,
			);
			path = "Unit Specs";
			sourceTree = "<group>";
		};
		979A36CD1AB222CF0041E146 /* Supporting Files */ = {
			isa = PBXGroup;
			children = (
				979A36CE1AB222CF0041E146 /* Info.plist */,
			);
			name = "Supporting Files";
			sourceTree = "<group>";
		};
/* End PBXGroup section */

/* Begin PBXNativeTarget section */
		974A8F7E1AB2247300D118E4 /* KIF Specs */ = {
			isa = PBXNativeTarget;
			buildConfigurationList = 974A8F871AB2247300D118E4 /* Build configuration list for PBXNativeTarget "KIF Specs" */;
			buildPhases = (
				BF12C41E56BF1B79C5B6BE65 /* Check Pods Manifest.lock */,
				974A8F7B1AB2247300D118E4 /* Sources */,
				974A8F7C1AB2247300D118E4 /* Frameworks */,
				974A8F7D1AB2247300D118E4 /* Resources */,
				0EE6CC3FD2DDC52511C79EFC /* Copy Pods Resources */,
			);
			buildRules = (
			);
			dependencies = (
				974A8F861AB2247300D118E4 /* PBXTargetDependency */,
			);
			name = "KIF Specs";
			productName = "KIF Specs";
			productReference = 974A8F7F1AB2247300D118E4 /* KIF Specs.xctest */;
			productType = "com.apple.product-type.bundle.unit-test";
		};
		979A369D1AB2223E0041E146 /* CircleCITest */ = {
			isa = PBXNativeTarget;
			buildConfigurationList = 979A36C11AB2223E0041E146 /* Build configuration list for PBXNativeTarget "CircleCITest" */;
			buildPhases = (
				447327A54C99A80C1C093CFF /* Check Pods Manifest.lock */,
				979A369A1AB2223E0041E146 /* Sources */,
				979A369B1AB2223E0041E146 /* Frameworks */,
				979A369C1AB2223E0041E146 /* Resources */,
				E44F75F7D93E12FF542679E9 /* Copy Pods Resources */,
			);
			buildRules = (
			);
			dependencies = (
			);
			name = CircleCITest;
			productName = CircleCITest;
			productReference = 979A369E1AB2223E0041E146 /* CircleCITest.app */;
			productType = "com.apple.product-type.application";
		};
		979A36CA1AB222CF0041E146 /* Unit Specs */ = {
			isa = PBXNativeTarget;
			buildConfigurationList = 979A36D31AB222CF0041E146 /* Build configuration list for PBXNativeTarget "Unit Specs" */;
			buildPhases = (
				9EA82485CA9D422B1AEB9D00 /* Check Pods Manifest.lock */,
				979A36C71AB222CF0041E146 /* Sources */,
				979A36C81AB222CF0041E146 /* Frameworks */,
				979A36C91AB222CF0041E146 /* Resources */,
				8A41B20884E26D04127646A5 /* Copy Pods Resources */,
			);
			buildRules = (
			);
			dependencies = (
				979A36D21AB222CF0041E146 /* PBXTargetDependency */,
			);
			name = "Unit Specs";
			productName = "Unit Specs";
			productReference = 979A36CB1AB222CF0041E146 /* Unit Specs.xctest */;
			productType = "com.apple.product-type.bundle.unit-test";
		};
/* End PBXNativeTarget section */

/* Begin PBXProject section */
		979A36961AB2223E0041E146 /* Project object */ = {
			isa = PBXProject;
			attributes = {
				LastUpgradeCheck = 0620;
				ORGANIZATIONNAME = CarbonFive;
				TargetAttributes = {
					974A8F7E1AB2247300D118E4 = {
						CreatedOnToolsVersion = 6.2;
						TestTargetID = 979A369D1AB2223E0041E146;
					};
					979A369D1AB2223E0041E146 = {
						CreatedOnToolsVersion = 6.2;
					};
					979A36CA1AB222CF0041E146 = {
						CreatedOnToolsVersion = 6.2;
						TestTargetID = 979A369D1AB2223E0041E146;
					};
				};
			};
			buildConfigurationList = 979A36991AB2223E0041E146 /* Build configuration list for PBXProject "CircleCITest" */;
			compatibilityVersion = "Xcode 3.2";
			developmentRegion = English;
			hasScannedForEncodings = 0;
			knownRegions = (
				en,
				Base,
			);
			mainGroup = 979A36951AB2223E0041E146;
			productRefGroup = 979A369F1AB2223E0041E146 /* Products */;
			projectDirPath = "";
			projectRoot = "";
			targets = (
				979A369D1AB2223E0041E146 /* CircleCITest */,
				979A36CA1AB222CF0041E146 /* Unit Specs */,
				974A8F7E1AB2247300D118E4 /* KIF Specs */,
			);
		};
/* End PBXProject section */

/* Begin PBXResourcesBuildPhase section */
		974A8F7D1AB2247300D118E4 /* Resources */ = {
			isa = PBXResourcesBuildPhase;
			buildActionMask = 2147483647;
			files = (
			);
			runOnlyForDeploymentPostprocessing = 0;
		};
		979A369C1AB2223E0041E146 /* Resources */ = {
			isa = PBXResourcesBuildPhase;
			buildActionMask = 2147483647;
			files = (
				979A36AD1AB2223E0041E146 /* Main.storyboard in Resources */,
				979A36B21AB2223E0041E146 /* LaunchScreen.xib in Resources */,
				979A36AF1AB2223E0041E146 /* Images.xcassets in Resources */,
			);
			runOnlyForDeploymentPostprocessing = 0;
		};
		979A36C91AB222CF0041E146 /* Resources */ = {
			isa = PBXResourcesBuildPhase;
			buildActionMask = 2147483647;
			files = (
				9710AACC1AC1C6E100021B12 /* swagger.json in Resources */,
			);
			runOnlyForDeploymentPostprocessing = 0;
		};
/* End PBXResourcesBuildPhase section */

/* Begin PBXShellScriptBuildPhase section */
		0EE6CC3FD2DDC52511C79EFC /* Copy Pods Resources */ = {
			isa = PBXShellScriptBuildPhase;
			buildActionMask = 2147483647;
			files = (
			);
			inputPaths = (
			);
			name = "Copy Pods Resources";
			outputPaths = (
			);
			runOnlyForDeploymentPostprocessing = 0;
			shellPath = /bin/sh;
			shellScript = "\"${SRCROOT}/Pods/Target Support Files/Pods-KIF Specs/Pods-KIF Specs-resources.sh\"\n";
			showEnvVarsInLog = 0;
		};
		447327A54C99A80C1C093CFF /* Check Pods Manifest.lock */ = {
			isa = PBXShellScriptBuildPhase;
			buildActionMask = 2147483647;
			files = (
			);
			inputPaths = (
			);
			name = "Check Pods Manifest.lock";
			outputPaths = (
			);
			runOnlyForDeploymentPostprocessing = 0;
			shellPath = /bin/sh;
			shellScript = "diff \"${PODS_ROOT}/../Podfile.lock\" \"${PODS_ROOT}/Manifest.lock\" > /dev/null\nif [[ $? != 0 ]] ; then\n    cat << EOM\nerror: The sandbox is not in sync with the Podfile.lock. Run 'pod install' or update your CocoaPods installation.\nEOM\n    exit 1\nfi\n";
			showEnvVarsInLog = 0;
		};
		8A41B20884E26D04127646A5 /* Copy Pods Resources */ = {
			isa = PBXShellScriptBuildPhase;
			buildActionMask = 2147483647;
			files = (
			);
			inputPaths = (
			);
			name = "Copy Pods Resources";
			outputPaths = (
			);
			runOnlyForDeploymentPostprocessing = 0;
			shellPath = /bin/sh;
			shellScript = "\"${SRCROOT}/Pods/Target Support Files/Pods-Unit Specs/Pods-Unit Specs-resources.sh\"\n";
			showEnvVarsInLog = 0;
		};
		9EA82485CA9D422B1AEB9D00 /* Check Pods Manifest.lock */ = {
			isa = PBXShellScriptBuildPhase;
			buildActionMask = 2147483647;
			files = (
			);
			inputPaths = (
			);
			name = "Check Pods Manifest.lock";
			outputPaths = (
			);
			runOnlyForDeploymentPostprocessing = 0;
			shellPath = /bin/sh;
			shellScript = "diff \"${PODS_ROOT}/../Podfile.lock\" \"${PODS_ROOT}/Manifest.lock\" > /dev/null\nif [[ $? != 0 ]] ; then\n    cat << EOM\nerror: The sandbox is not in sync with the Podfile.lock. Run 'pod install' or update your CocoaPods installation.\nEOM\n    exit 1\nfi\n";
			showEnvVarsInLog = 0;
		};
		BF12C41E56BF1B79C5B6BE65 /* Check Pods Manifest.lock */ = {
			isa = PBXShellScriptBuildPhase;
			buildActionMask = 2147483647;
			files = (
			);
			inputPaths = (
			);
			name = "Check Pods Manifest.lock";
			outputPaths = (
			);
			runOnlyForDeploymentPostprocessing = 0;
			shellPath = /bin/sh;
			shellScript = "diff \"${PODS_ROOT}/../Podfile.lock\" \"${PODS_ROOT}/Manifest.lock\" > /dev/null\nif [[ $? != 0 ]] ; then\n    cat << EOM\nerror: The sandbox is not in sync with the Podfile.lock. Run 'pod install' or update your CocoaPods installation.\nEOM\n    exit 1\nfi\n";
			showEnvVarsInLog = 0;
		};
		E44F75F7D93E12FF542679E9 /* Copy Pods Resources */ = {
			isa = PBXShellScriptBuildPhase;
			buildActionMask = 2147483647;
			files = (
			);
			inputPaths = (
			);
			name = "Copy Pods Resources";
			outputPaths = (
			);
			runOnlyForDeploymentPostprocessing = 0;
			shellPath = /bin/sh;
			shellScript = "\"${SRCROOT}/Pods/Target Support Files/Pods-CircleCITest/Pods-CircleCITest-resources.sh\"\n";
			showEnvVarsInLog = 0;
		};
/* End PBXShellScriptBuildPhase section */

/* Begin PBXSourcesBuildPhase section */
		974A8F7B1AB2247300D118E4 /* Sources */ = {
			isa = PBXSourcesBuildPhase;
			buildActionMask = 2147483647;
			files = (
				974A8F8B1AB2248700D118E4 /* AppDelegateSpec.m in Sources */,
			);
			runOnlyForDeploymentPostprocessing = 0;
		};
		979A369A1AB2223E0041E146 /* Sources */ = {
			isa = PBXSourcesBuildPhase;
			buildActionMask = 2147483647;
			files = (
				979A36AA1AB2223E0041E146 /* ViewController.m in Sources */,
				979A36A71AB2223E0041E146 /* AppDelegate.m in Sources */,
				979A36A41AB2223E0041E146 /* main.m in Sources */,
			);
			runOnlyForDeploymentPostprocessing = 0;
		};
		979A36C71AB222CF0041E146 /* Sources */ = {
			isa = PBXSourcesBuildPhase;
			buildActionMask = 2147483647;
			files = (
				974A8F781AB223E200D118E4 /* AppDelegateSpec.m in Sources */,
			);
			runOnlyForDeploymentPostprocessing = 0;
		};
/* End PBXSourcesBuildPhase section */

/* Begin PBXTargetDependency section */
		974A8F861AB2247300D118E4 /* PBXTargetDependency */ = {
			isa = PBXTargetDependency;
			target = 979A369D1AB2223E0041E146 /* CircleCITest */;
			targetProxy = 974A8F851AB2247300D118E4 /* PBXContainerItemProxy */;
		};
		979A36D21AB222CF0041E146 /* PBXTargetDependency */ = {
			isa = PBXTargetDependency;
			target = 979A369D1AB2223E0041E146 /* CircleCITest */;
			targetProxy = 979A36D11AB222CF0041E146 /* PBXContainerItemProxy */;
		};
/* End PBXTargetDependency section */

/* Begin PBXVariantGroup section */
		979A36AB1AB2223E0041E146 /* Main.storyboard */ = {
			isa = PBXVariantGroup;
			children = (
				979A36AC1AB2223E0041E146 /* Base */,
			);
			name = Main.storyboard;
			sourceTree = "<group>";
		};
		979A36B01AB2223E0041E146 /* LaunchScreen.xib */ = {
			isa = PBXVariantGroup;
			children = (
				979A36B11AB2223E0041E146 /* Base */,
			);
			name = LaunchScreen.xib;
			sourceTree = "<group>";
		};
/* End PBXVariantGroup section */

/* Begin XCBuildConfiguration section */
		974A8F881AB2247300D118E4 /* Debug */ = {
			isa = XCBuildConfiguration;
			baseConfigurationReference = 66E34B817836060C812EF395 /* Pods-KIF Specs.debug.xcconfig */;
			buildSettings = {
				BUNDLE_LOADER = "$(TEST_HOST)";
				FRAMEWORK_SEARCH_PATHS = (
					"$(SDKROOT)/Developer/Library/Frameworks",
					"$(inherited)",
				);
				GCC_PREPROCESSOR_DEFINITIONS = (
					"DEBUG=1",
					"$(inherited)",
				);
				INFOPLIST_FILE = "KIF Specs/Info.plist";
				LD_RUNPATH_SEARCH_PATHS = "$(inherited) @executable_path/Frameworks @loader_path/Frameworks";
				PRODUCT_NAME = "$(TARGET_NAME)";
				TEST_HOST = "$(BUILT_PRODUCTS_DIR)/CircleCITest.app/CircleCITest";
			};
			name = Debug;
		};
		974A8F891AB2247300D118E4 /* Release */ = {
			isa = XCBuildConfiguration;
			baseConfigurationReference = 277FDDE8981985EFDE11F6A1 /* Pods-KIF Specs.release.xcconfig */;
			buildSettings = {
				BUNDLE_LOADER = "$(TEST_HOST)";
				FRAMEWORK_SEARCH_PATHS = (
					"$(SDKROOT)/Developer/Library/Frameworks",
					"$(inherited)",
				);
				INFOPLIST_FILE = "KIF Specs/Info.plist";
				LD_RUNPATH_SEARCH_PATHS = "$(inherited) @executable_path/Frameworks @loader_path/Frameworks";
				PRODUCT_NAME = "$(TARGET_NAME)";
				TEST_HOST = "$(BUILT_PRODUCTS_DIR)/CircleCITest.app/CircleCITest";
			};
			name = Release;
		};
		979A36BF1AB2223E0041E146 /* Debug */ = {
			isa = XCBuildConfiguration;
			buildSettings = {
				ALWAYS_SEARCH_USER_PATHS = NO;
				CLANG_CXX_LANGUAGE_STANDARD = "gnu++0x";
				CLANG_CXX_LIBRARY = "libc++";
				CLANG_ENABLE_MODULES = YES;
				CLANG_ENABLE_OBJC_ARC = YES;
				CLANG_WARN_BOOL_CONVERSION = YES;
				CLANG_WARN_CONSTANT_CONVERSION = YES;
				CLANG_WARN_DIRECT_OBJC_ISA_USAGE = YES_ERROR;
				CLANG_WARN_EMPTY_BODY = YES;
				CLANG_WARN_ENUM_CONVERSION = YES;
				CLANG_WARN_INT_CONVERSION = YES;
				CLANG_WARN_OBJC_ROOT_CLASS = YES_ERROR;
				CLANG_WARN_UNREACHABLE_CODE = YES;
				CLANG_WARN__DUPLICATE_METHOD_MATCH = YES;
				"CODE_SIGN_IDENTITY[sdk=iphoneos*]" = "iPhone Developer";
				COPY_PHASE_STRIP = NO;
				ENABLE_STRICT_OBJC_MSGSEND = YES;
				GCC_C_LANGUAGE_STANDARD = gnu99;
				GCC_DYNAMIC_NO_PIC = NO;
				GCC_OPTIMIZATION_LEVEL = 0;
				GCC_PREPROCESSOR_DEFINITIONS = (
					"DEBUG=1",
					"$(inherited)",
				);
				GCC_SYMBOLS_PRIVATE_EXTERN = NO;
				GCC_WARN_64_TO_32_BIT_CONVERSION = YES;
				GCC_WARN_ABOUT_RETURN_TYPE = YES_ERROR;
				GCC_WARN_UNDECLARED_SELECTOR = YES;
				GCC_WARN_UNINITIALIZED_AUTOS = YES_AGGRESSIVE;
				GCC_WARN_UNUSED_FUNCTION = YES;
				GCC_WARN_UNUSED_VARIABLE = YES;
				IPHONEOS_DEPLOYMENT_TARGET = 8.1;
				MTL_ENABLE_DEBUG_INFO = YES;
				ONLY_ACTIVE_ARCH = YES;
				SDKROOT = iphoneos;
				TARGETED_DEVICE_FAMILY = "1,2";
			};
			name = Debug;
		};
		979A36C01AB2223E0041E146 /* Release */ = {
			isa = XCBuildConfiguration;
			buildSettings = {
				ALWAYS_SEARCH_USER_PATHS = NO;
				CLANG_CXX_LANGUAGE_STANDARD = "gnu++0x";
				CLANG_CXX_LIBRARY = "libc++";
				CLANG_ENABLE_MODULES = YES;
				CLANG_ENABLE_OBJC_ARC = YES;
				CLANG_WARN_BOOL_CONVERSION = YES;
				CLANG_WARN_CONSTANT_CONVERSION = YES;
				CLANG_WARN_DIRECT_OBJC_ISA_USAGE = YES_ERROR;
				CLANG_WARN_EMPTY_BODY = YES;
				CLANG_WARN_ENUM_CONVERSION = YES;
				CLANG_WARN_INT_CONVERSION = YES;
				CLANG_WARN_OBJC_ROOT_CLASS = YES_ERROR;
				CLANG_WARN_UNREACHABLE_CODE = YES;
				CLANG_WARN__DUPLICATE_METHOD_MATCH = YES;
				"CODE_SIGN_IDENTITY[sdk=iphoneos*]" = "iPhone Developer";
				COPY_PHASE_STRIP = NO;
				ENABLE_NS_ASSERTIONS = NO;
				ENABLE_STRICT_OBJC_MSGSEND = YES;
				GCC_C_LANGUAGE_STANDARD = gnu99;
				GCC_WARN_64_TO_32_BIT_CONVERSION = YES;
				GCC_WARN_ABOUT_RETURN_TYPE = YES_ERROR;
				GCC_WARN_UNDECLARED_SELECTOR = YES;
				GCC_WARN_UNINITIALIZED_AUTOS = YES_AGGRESSIVE;
				GCC_WARN_UNUSED_FUNCTION = YES;
				GCC_WARN_UNUSED_VARIABLE = YES;
				IPHONEOS_DEPLOYMENT_TARGET = 8.1;
				MTL_ENABLE_DEBUG_INFO = NO;
				SDKROOT = iphoneos;
				TARGETED_DEVICE_FAMILY = "1,2";
				VALIDATE_PRODUCT = YES;
			};
			name = Release;
		};
		979A36C21AB2223E0041E146 /* Debug */ = {
			isa = XCBuildConfiguration;
			baseConfigurationReference = 8C7FA7BCDC21F71B713A03E3 /* Pods-CircleCITest.debug.xcconfig */;
			buildSettings = {
				ASSETCATALOG_COMPILER_APPICON_NAME = AppIcon;
				GCC_TREAT_WARNINGS_AS_ERRORS = YES;
				INFOPLIST_FILE = CircleCITest/Info.plist;
				IPHONEOS_DEPLOYMENT_TARGET = 7.0;
				LD_RUNPATH_SEARCH_PATHS = "$(inherited) @executable_path/Frameworks";
				PRODUCT_NAME = "$(TARGET_NAME)";
			};
			name = Debug;
		};
		979A36C31AB2223E0041E146 /* Release */ = {
			isa = XCBuildConfiguration;
			baseConfigurationReference = 712FC9893FE1A65F39EA977C /* Pods-CircleCITest.release.xcconfig */;
			buildSettings = {
				ASSETCATALOG_COMPILER_APPICON_NAME = AppIcon;
				GCC_TREAT_WARNINGS_AS_ERRORS = YES;
				INFOPLIST_FILE = CircleCITest/Info.plist;
				IPHONEOS_DEPLOYMENT_TARGET = 7.0;
				LD_RUNPATH_SEARCH_PATHS = "$(inherited) @executable_path/Frameworks";
				PRODUCT_NAME = "$(TARGET_NAME)";
			};
			name = Release;
		};
		979A36D41AB222CF0041E146 /* Debug */ = {
			isa = XCBuildConfiguration;
			baseConfigurationReference = 2678471312A2148DD39987C2 /* Pods-Unit Specs.debug.xcconfig */;
			buildSettings = {
				BUNDLE_LOADER = "$(TEST_HOST)";
				FRAMEWORK_SEARCH_PATHS = (
					"$(SDKROOT)/Developer/Library/Frameworks",
					"$(inherited)",
				);
				GCC_PREPROCESSOR_DEFINITIONS = (
					"DEBUG=1",
					"$(inherited)",
				);
				INFOPLIST_FILE = "Unit Specs/Info.plist";
				LD_RUNPATH_SEARCH_PATHS = "$(inherited) @executable_path/Frameworks @loader_path/Frameworks";
				PRODUCT_NAME = "$(TARGET_NAME)";
				TEST_HOST = "$(BUILT_PRODUCTS_DIR)/CircleCITest.app/CircleCITest";
			};
			name = Debug;
		};
		979A36D51AB222CF0041E146 /* Release */ = {
			isa = XCBuildConfiguration;
			baseConfigurationReference = 9B560E00477D8F5D53EDBB45 /* Pods-Unit Specs.release.xcconfig */;
			buildSettings = {
				BUNDLE_LOADER = "$(TEST_HOST)";
				FRAMEWORK_SEARCH_PATHS = (
					"$(SDKROOT)/Developer/Library/Frameworks",
					"$(inherited)",
				);
				INFOPLIST_FILE = "Unit Specs/Info.plist";
				LD_RUNPATH_SEARCH_PATHS = "$(inherited) @executable_path/Frameworks @loader_path/Frameworks";
				PRODUCT_NAME = "$(TARGET_NAME)";
				TEST_HOST = "$(BUILT_PRODUCTS_DIR)/CircleCITest.app/CircleCITest";
			};
			name = Release;
		};
/* End XCBuildConfiguration section */

/* Begin XCConfigurationList section */
		974A8F871AB2247300D118E4 /* Build configuration list for PBXNativeTarget "KIF Specs" */ = {
			isa = XCConfigurationList;
			buildConfigurations = (
				974A8F881AB2247300D118E4 /* Debug */,
				974A8F891AB2247300D118E4 /* Release */,
			);
			defaultConfigurationIsVisible = 0;
			defaultConfigurationName = Release;
		};
		979A36991AB2223E0041E146 /* Build configuration list for PBXProject "CircleCITest" */ = {
			isa = XCConfigurationList;
			buildConfigurations = (
				979A36BF1AB2223E0041E146 /* Debug */,
				979A36C01AB2223E0041E146 /* Release */,
			);
			defaultConfigurationIsVisible = 0;
			defaultConfigurationName = Release;
		};
		979A36C11AB2223E0041E146 /* Build configuration list for PBXNativeTarget "CircleCITest" */ = {
			isa = XCConfigurationList;
			buildConfigurations = (
				979A36C21AB2223E0041E146 /* Debug */,
				979A36C31AB2223E0041E146 /* Release */,
			);
			defaultConfigurationIsVisible = 0;
			defaultConfigurationName = Release;
		};
		979A36D31AB222CF0041E146 /* Build configuration list for PBXNativeTarget "Unit Specs" */ = {
			isa = XCConfigurationList;
			buildConfigurations = (
				979A36D41AB222CF0041E146 /* Debug */,
				979A36D51AB222CF0041E146 /* Release */,
			);
			defaultConfigurationIsVisible = 0;
			defaultConfigurationName = Release;
		};
/* End XCConfigurationList section */
	};
	rootObject = 979A36961AB2223E0041E146 /* Project object */;
}
